#MicroXplorer Configuration settings - do not modify
ADC1.Channel-20\#ChannelRegularConversion=ADC_CHANNEL_1
ADC1.IPParameters=Rank-20\#ChannelRegularConversion,Channel-20\#ChannelRegularConversion,SamplingTime-20\#ChannelRegularConversion,NbrOfConversionFlag,master
ADC1.NbrOfConversionFlag=1
ADC1.Rank-20\#ChannelRegularConversion=1
ADC1.SamplingTime-20\#ChannelRegularConversion=ADC_SAMPLETIME_3CYCLES
ADC1.master=1
CAN1.BS1=CAN_BS1_8TQ
CAN1.BS2=CAN_BS2_7TQ
CAN1.CalculateTimeQuantum=125.0
CAN1.IPParameters=CalculateTimeQuantum,Prescaler,BS1,BS2
CAN1.Prescaler=2
CAN2.BS1=CAN_BS1_8TQ
CAN2.BS2=CAN_BS2_7TQ
CAN2.CalculateTimeQuantum=125.0
CAN2.IPParameters=CalculateTimeQuantum,Prescaler,BS1,BS2
CAN2.Prescaler=2
CAN3.BS1=CAN_BS1_8TQ
CAN3.BS2=CAN_BS2_7TQ
CAN3.CalculateTimeQuantum=125.0
CAN3.IPParameters=CalculateTimeQuantum,Prescaler,BS1,BS2
CAN3.Prescaler=2
Dma.Request0=SDMMC1_TX
Dma.Request1=SDMMC1_RX
Dma.RequestsNb=2
Dma.SDMMC1_RX.1.Direction=DMA_PERIPH_TO_MEMORY
Dma.SDMMC1_RX.1.FIFOMode=DMA_FIFOMODE_ENABLE
Dma.SDMMC1_RX.1.FIFOThreshold=DMA_FIFO_THRESHOLD_FULL
Dma.SDMMC1_RX.1.Instance=DMA2_Stream6
Dma.SDMMC1_RX.1.MemBurst=DMA_MBURST_INC4
Dma.SDMMC1_RX.1.MemDataAlignment=DMA_MDATAALIGN_WORD
Dma.SDMMC1_RX.1.MemInc=DMA_MINC_ENABLE
Dma.SDMMC1_RX.1.Mode=DMA_PFCTRL
Dma.SDMMC1_RX.1.PeriphBurst=DMA_PBURST_INC4
Dma.SDMMC1_RX.1.PeriphDataAlignment=DMA_PDATAALIGN_WORD
Dma.SDMMC1_RX.1.PeriphInc=DMA_PINC_DISABLE
Dma.SDMMC1_RX.1.Priority=DMA_PRIORITY_LOW
Dma.SDMMC1_RX.1.RequestParameters=Instance,Direction,PeriphInc,MemInc,PeriphDataAlignment,MemDataAlignment,Mode,Priority,FIFOMode,FIFOThreshold,MemBurst,PeriphBurst
Dma.SDMMC1_TX.0.Direction=DMA_MEMORY_TO_PERIPH
Dma.SDMMC1_TX.0.FIFOMode=DMA_FIFOMODE_ENABLE
Dma.SDMMC1_TX.0.FIFOThreshold=DMA_FIFO_THRESHOLD_FULL
Dma.SDMMC1_TX.0.Instance=DMA2_Stream3
Dma.SDMMC1_TX.0.MemBurst=DMA_MBURST_INC4
Dma.SDMMC1_TX.0.MemDataAlignment=DMA_MDATAALIGN_WORD
Dma.SDMMC1_TX.0.MemInc=DMA_MINC_ENABLE
Dma.SDMMC1_TX.0.Mode=DMA_PFCTRL
Dma.SDMMC1_TX.0.PeriphBurst=DMA_PBURST_INC4
Dma.SDMMC1_TX.0.PeriphDataAlignment=DMA_PDATAALIGN_WORD
Dma.SDMMC1_TX.0.PeriphInc=DMA_PINC_DISABLE
Dma.SDMMC1_TX.0.Priority=DMA_PRIORITY_LOW
Dma.SDMMC1_TX.0.RequestParameters=Instance,Direction,PeriphInc,MemInc,PeriphDataAlignment,MemDataAlignment,Mode,Priority,FIFOMode,FIFOThreshold,MemBurst,PeriphBurst
FATFS.BSP.number=1
FATFS.IPParameters=_USE_CHMOD,_USE_FORWARD,_USE_STRFUNC,_USE_FIND,_USE_EXPAND,_USE_LABEL,_USE_LFN,_FS_RPATH,_MAX_SS,_MULTI_PARTITION,_USE_TRIM,_FS_NORTC
FATFS._FS_NORTC=0
FATFS._FS_RPATH=2
FATFS._MAX_SS=4096
FATFS._MULTI_PARTITION=1
FATFS._USE_CHMOD=1
FATFS._USE_EXPAND=1
FATFS._USE_FIND=1
FATFS._USE_FORWARD=1
FATFS._USE_LABEL=1
FATFS._USE_LFN=0
FATFS._USE_STRFUNC=2
FATFS._USE_TRIM=1
FATFS0.BSP.STBoard=false
FATFS0.BSP.api=Unknown
FATFS0.BSP.component=
FATFS0.BSP.condition=
FATFS0.BSP.i2caddr=0
FATFS0.BSP.i2creg=
FATFS0.BSP.instance=PD0
FATFS0.BSP.ip=GPIO
FATFS0.BSP.mode=Input
FATFS0.BSP.name=Detect_SDIO
FATFS0.BSP.semaphore=
FATFS0.BSP.solution=PD0
FREERTOS.INCLUDE_vTaskDelayUntil=1
FREERTOS.IPParameters=Tasks01,INCLUDE_vTaskDelayUntil
FREERTOS.Tasks01=defaultTask,0,128,StartDefaultTask,Default,NULL
File.Version=6
KeepUserPlacement=false
Mcu.Family=STM32F7
Mcu.IP0=ADC1
Mcu.IP1=CAN1
Mcu.IP10=SDMMC1
Mcu.IP11=SPI1
Mcu.IP12=SYS
Mcu.IP13=TIM1
Mcu.IP2=CAN2
Mcu.IP3=CAN3
Mcu.IP4=CORTEX_M7
Mcu.IP5=DMA
Mcu.IP6=FATFS
Mcu.IP7=FREERTOS
Mcu.IP8=NVIC
Mcu.IP9=RCC
Mcu.IPNb=14
Mcu.Name=STM32F767ZITx
Mcu.Package=LQFP144
Mcu.Pin0=PC14/OSC32_IN
Mcu.Pin1=PC15/OSC32_OUT
Mcu.Pin10=PA6
Mcu.Pin11=PA7
Mcu.Pin12=PE9
Mcu.Pin13=PB12
Mcu.Pin14=PB13
Mcu.Pin15=PC8
Mcu.Pin16=PC9
Mcu.Pin17=PA8
Mcu.Pin18=PA11
Mcu.Pin19=PA12
Mcu.Pin2=PF0
Mcu.Pin20=PA13
Mcu.Pin21=PA14
Mcu.Pin22=PA15
Mcu.Pin23=PC10
Mcu.Pin24=PC11
Mcu.Pin25=PC12
Mcu.Pin26=PD0
Mcu.Pin27=PD2
Mcu.Pin28=PB3
Mcu.Pin29=PB4
Mcu.Pin3=PF1
Mcu.Pin30=VP_FATFS_VS_SDIO
Mcu.Pin31=VP_FREERTOS_VS_ENABLE
Mcu.Pin32=VP_SYS_VS_tim2
Mcu.Pin4=PF2
Mcu.Pin5=PF3
Mcu.Pin6=PA0/WKUP
Mcu.Pin7=PA1
Mcu.Pin8=PA2
Mcu.Pin9=PA5
Mcu.PinsNb=33
Mcu.ThirdPartyNb=0
Mcu.UserConstants=
Mcu.UserName=STM32F767ZITx
MxCube.Version=5.0.1
MxDb.Version=DB.5.0.1
NVIC.BusFault_IRQn=true\:0\:0\:false\:false\:true\:false\:false
NVIC.CAN1_RX0_IRQn=true\:5\:0\:false\:false\:true\:true\:true
NVIC.CAN1_RX1_IRQn=true\:5\:0\:false\:false\:true\:true\:true
NVIC.CAN2_RX0_IRQn=true\:5\:0\:false\:false\:true\:true\:true
NVIC.CAN2_RX1_IRQn=true\:5\:0\:false\:false\:true\:true\:true
NVIC.CAN3_RX0_IRQn=true\:5\:0\:false\:false\:true\:true\:true
NVIC.CAN3_RX1_IRQn=true\:5\:0\:false\:false\:true\:true\:true
NVIC.DMA2_Stream3_IRQn=true\:5\:0\:false\:false\:true\:true\:false
NVIC.DMA2_Stream6_IRQn=true\:5\:0\:false\:false\:true\:true\:false
NVIC.DebugMonitor_IRQn=true\:0\:0\:false\:false\:true\:false\:false
NVIC.HardFault_IRQn=true\:0\:0\:false\:false\:true\:false\:false
NVIC.MemoryManagement_IRQn=true\:0\:0\:false\:false\:true\:false\:false
NVIC.NonMaskableInt_IRQn=true\:0\:0\:false\:false\:true\:false\:false
NVIC.PendSV_IRQn=true\:15\:0\:false\:false\:false\:true\:false
NVIC.PriorityGroup=NVIC_PRIORITYGROUP_4
NVIC.SVCall_IRQn=true\:0\:0\:false\:false\:false\:false\:false
NVIC.SysTick_IRQn=true\:15\:0\:false\:false\:false\:true\:false
NVIC.TIM2_IRQn=true\:0\:0\:false\:false\:true\:false\:false
NVIC.TimeBase=TIM2_IRQn
NVIC.TimeBaseIP=TIM2
NVIC.UsageFault_IRQn=true\:0\:0\:false\:false\:true\:false\:false
PA0/WKUP.Mode=SYS_WakeUp0
PA0/WKUP.Signal=SYS_WKUP1
PA1.GPIOParameters=GPIO_Label
PA1.GPIO_Label=ISENSE_1
PA1.Signal=ADCx_IN1
PA11.GPIOParameters=GPIO_Label
PA11.GPIO_Label=BMS_CAN_RX
PA11.Mode=Master
PA11.Signal=CAN1_RX
PA12.GPIOParameters=GPIO_Label
PA12.GPIO_Label=BMS_CAN_TX
PA12.Mode=Master
PA12.Signal=CAN1_TX
PA13.Mode=JTAG_4_pins
PA13.Signal=SYS_JTMS-SWDIO
PA14.Mode=JTAG_4_pins
PA14.Signal=SYS_JTCK-SWCLK
PA15.Mode=JTAG_4_pins
PA15.Signal=SYS_JTDI
PA2.GPIOParameters=GPIO_Label
PA2.GPIO_Label=ISENSE_2
PA2.Signal=ADCx_IN2
PA5.Mode=Full_Duplex_Master
PA5.Signal=SPI1_SCK
PA6.Mode=Full_Duplex_Master
PA6.Signal=SPI1_MISO
PA7.Mode=Full_Duplex_Master
PA7.Signal=SPI1_MOSI
PA8.GPIOParameters=GPIO_Label
PA8.GPIO_Label=VCAN_RX
PA8.Locked=true
PA8.Mode=Master
PA8.Signal=CAN3_RX
PB12.GPIOParameters=GPIO_Label
PB12.GPIO_Label=DCAN_RX
PB12.Locked=true
PB12.Mode=Slave
PB12.Signal=CAN2_RX
PB13.GPIOParameters=GPIO_Label
PB13.GPIO_Label=DCAN_TX
PB13.Locked=true
PB13.Mode=Slave
PB13.Signal=CAN2_TX
PB3.Mode=JTAG_4_pins
PB3.Signal=SYS_JTDO-SWO
PB4.GPIOParameters=GPIO_Label
PB4.GPIO_Label=VCAN_TX
PB4.Locked=true
PB4.Mode=Master
PB4.Signal=CAN3_TX
PC10.Mode=SD_4_bits_Wide_bus
PC10.Signal=SDMMC1_D2
PC11.Mode=SD_4_bits_Wide_bus
PC11.Signal=SDMMC1_D3
PC12.Mode=SD_4_bits_Wide_bus
PC12.Signal=SDMMC1_CK
PC14/OSC32_IN.Mode=LSE-External-Oscillator
PC14/OSC32_IN.Signal=RCC_OSC32_IN
PC15/OSC32_OUT.Mode=LSE-External-Oscillator
PC15/OSC32_OUT.Signal=RCC_OSC32_OUT
PC8.Mode=SD_4_bits_Wide_bus
PC8.Signal=SDMMC1_D0
PC9.Mode=SD_4_bits_Wide_bus
PC9.Signal=SDMMC1_D1
PCC.Checker=false
PCC.Line=STM32F7x7
PCC.MCU=STM32F767ZITx
PCC.PartNumber=STM32F767ZITx
PCC.Seq0=1
PCC.Seq0.Step0.Average_Current=85.38 mA
PCC.Seq0.Step0.CPU_Frequency=180 MHz
PCC.Seq0.Step0.Category=In DS Table
PCC.Seq0.Step0.DMIPS=385.20004
PCC.Seq0.Step0.Duration=1 ms
PCC.Seq0.Step0.Frequency=4 MHz
PCC.Seq0.Step0.Memory=SRAM/FLASH-ART L1Cache REGON
PCC.Seq0.Step0.Mode=RUN
PCC.Seq0.Step0.Oscillator=HSE PLL
PCC.Seq0.Step0.Peripherals=ADC1 CAN1 CAN2 CAN3 GPIOA GPIOB GPIOC GPIOD GPIOE GPIOF SDMMC1 SYS TIM1
PCC.Seq0.Step0.TaMax=93.73
PCC.Seq0.Step0.User's_Consumption=0 mA
PCC.Seq0.Step0.Vcore=Scale1-High
PCC.Seq0.Step0.Vdd=3.3
PCC.Seq0.Step0.Voltage_Source=Vbus
PCC.Series=STM32F7
PCC.Temperature=25
PCC.Vdd=3.3
PD0.GPIOParameters=GPIO_Label
PD0.GPIO_Label=DETECT_SDIO
PD0.Locked=true
PD0.Signal=GPIO_Input
PD2.Mode=SD_4_bits_Wide_bus
PD2.Signal=SDMMC1_CMD
PE9.GPIOParameters=GPIO_Label
PE9.GPIO_Label=Fan_PWM
PE9.Locked=true
PE9.Signal=S_TIM1_CH1
PF0.GPIOParameters=GPIO_Label
PF0.GPIO_Label=WDI
PF0.Locked=true
PF0.Signal=GPIO_Output
PF1.GPIOParameters=GPIO_Label
PF1.GPIO_Label=Charger_Safety
PF1.Locked=true
PF1.Signal=GPIO_Output
PF2.GPIOParameters=GPIO_Label
PF2.GPIO_Label=Charge_Enable
PF2.Locked=true
PF2.Signal=GPIO_Output
PF3.GPIOParameters=GPIO_Label
PF3.GPIO_Label=Discharge Enable
PF3.Locked=true
PF3.Signal=GPIO_Output
PinOutPanel.RotationAngle=0
ProjectManager.AskForMigrate=true
ProjectManager.BackupPrevious=false
ProjectManager.CompilerOptimize=6
ProjectManager.ComputerToolchain=false
ProjectManager.CoupleFile=false
ProjectManager.CustomerFirmwarePackage=
ProjectManager.DefaultFWLocation=true
ProjectManager.DeletePrevious=true
ProjectManager.DeviceId=STM32F767ZITx
ProjectManager.FirmwarePackage=STM32Cube FW_F7 V1.14.0
ProjectManager.FreePins=false
ProjectManager.HalAssertFull=false
ProjectManager.HeapSize=0x200
ProjectManager.KeepUserCode=true
ProjectManager.LastFirmware=true
ProjectManager.LibraryCopy=1
ProjectManager.MainLocation=Src
ProjectManager.NoMain=false
ProjectManager.PreviousToolchain=SW4STM32
ProjectManager.ProjectBuild=false
ProjectManager.ProjectFileName=BMS_master.ioc
ProjectManager.ProjectName=BMS_master
ProjectManager.StackSize=0x400
ProjectManager.TargetToolchain=SW4STM32
ProjectManager.ToolChainLocation=
ProjectManager.UnderRoot=true
ProjectManager.functionlistsort=1-MX_GPIO_Init-GPIO-false-HAL-true,2-MX_DMA_Init-DMA-false-HAL-true,3-SystemClock_Config-RCC-false-HAL-false,4-MX_CORTEX_M7_Init-CORTEX_M7-false-HAL-true,5-MX_TIM1_Init-TIM1-false-HAL-true,6-MX_CAN1_Init-CAN1-false-HAL-true,7-MX_CAN2_Init-CAN2-false-HAL-true,8-MX_CAN3_Init-CAN3-false-HAL-true,9-MX_SDMMC1_SD_Init-SDMMC1-false-HAL-true,10-MX_SPI1_Init-SPI1-false-HAL-true,11-MX_FATFS_Init-FATFS-false-HAL-true,12-MX_ADC1_Init-ADC1-false-HAL-true
RCC.CECFreq_Value=32786.88524590164
RCC.DFSDMFreq_Value=16000000
RCC.FamilyName=M
RCC.HSE_VALUE=25000000
RCC.HSI_VALUE=16000000
RCC.I2SFreq_Value=96000000
RCC.IPParameters=CECFreq_Value,DFSDMFreq_Value,FamilyName,HSE_VALUE,HSI_VALUE,I2SFreq_Value,LCDTFTFreq_Value,LSI_VALUE,PLLCLKFreq_Value,PLLI2SPCLKFreq_Value,PLLI2SQCLKFreq_Value,PLLI2SRCLKFreq_Value,PLLQCLKFreq_Value,PLLSAIPCLKFreq_Value,PLLSAIQCLKFreq_Value,PLLSAIRCLKFreq_Value,PLLSAIoutputFreq_Value,RNGFreq_Value,SAI1Freq_Value,SAI2Freq_Value,SDMMC2Freq_Value,SDMMCFreq_Value,SPDIFRXFreq_Value,USBFreq_Value,VCOI2SOutputFreq_Value,VCOInputFreq_Value,VCOOutputFreq_Value,VCOSAIOutputFreq_Value
RCC.LCDTFTFreq_Value=48000000
RCC.LSI_VALUE=32000
RCC.PLLCLKFreq_Value=96000000
RCC.PLLI2SPCLKFreq_Value=96000000
RCC.PLLI2SQCLKFreq_Value=96000000
RCC.PLLI2SRCLKFreq_Value=96000000
RCC.PLLQCLKFreq_Value=96000000
RCC.PLLSAIPCLKFreq_Value=96000000
RCC.PLLSAIQCLKFreq_Value=96000000
RCC.PLLSAIRCLKFreq_Value=96000000
RCC.PLLSAIoutputFreq_Value=96000000
RCC.RNGFreq_Value=96000000
RCC.SAI1Freq_Value=96000000
RCC.SAI2Freq_Value=96000000
RCC.SDMMC2Freq_Value=16000000
RCC.SDMMCFreq_Value=16000000
RCC.SPDIFRXFreq_Value=96000000
RCC.USBFreq_Value=96000000
RCC.VCOI2SOutputFreq_Value=192000000
RCC.VCOInputFreq_Value=1000000
RCC.VCOOutputFreq_Value=192000000
RCC.VCOSAIOutputFreq_Value=192000000
SH.ADCx_IN1.0=ADC1_IN1,IN1
SH.ADCx_IN1.ConfNb=1
SH.ADCx_IN2.0=ADC1_IN2,IN2
SH.ADCx_IN2.ConfNb=1
SH.S_TIM1_CH1.0=TIM1_CH1,PWM Generation1 CH1
SH.S_TIM1_CH1.ConfNb=1
SPI1.CalculateBaudRate=8.0 MBits/s
SPI1.Direction=SPI_DIRECTION_2LINES
SPI1.IPParameters=VirtualType,Mode,Direction,CalculateBaudRate
SPI1.Mode=SPI_MODE_MASTER
SPI1.VirtualType=VM_MASTER
TIM1.Channel-PWM\ Generation1\ CH1=TIM_CHANNEL_1
TIM1.IPParameters=Channel-PWM Generation1 CH1
VP_FATFS_VS_SDIO.Mode=SDIO
VP_FATFS_VS_SDIO.Signal=FATFS_VS_SDIO
VP_FREERTOS_VS_ENABLE.Mode=Enabled
VP_FREERTOS_VS_ENABLE.Signal=FREERTOS_VS_ENABLE
VP_SYS_VS_tim2.Mode=TIM2
VP_SYS_VS_tim2.Signal=SYS_VS_tim2
board=custom
